lockfileVersion: '6.0'

settings:
  autoInstallPeers: true
  excludeLinksFromLockfile: false

dependencies:
  '@tsconfig/node18':
    specifier: ^18.2.4
    version: 18.2.4
  happy-dom:
    specifier: ^14.10.1
    version: 14.10.1
  typescript:
    specifier: ^5.4.5
    version: 5.4.5

packages:

  /@tsconfig/node18@18.2.4:
    resolution: {integrity: sha512-5xxU8vVs9/FNcvm3gE07fPbn9tl6tqGGWA9tSlwsUEkBxtRnTsNmwrV8gasZ9F/EobaSv9+nu8AxUKccw77JpQ==}
    dev: false

  /entities@4.5.0:
    resolution: {integrity: sha512-V0hjH4dGPh9Ao5p0MoRY6BVqtwCjhz6vI5LT8AJ55H+4g9/4vbHx1I54fS0XuclLhDHArPQCiMjDxjaL8fPxhw==}
    engines: {node: '>=0.12'}
    dev: false

  /happy-dom@14.10.1:
    resolution: {integrity: sha512-GRbrZYIezi8+tTtffF4v2QcF8bk1h2loUTO5VYQz3GZdrL08Vk0fI+bwf/vFEBf4C/qVf/easLJ/MY1wwdhytA==}
    engines: {node: '>=16.0.0'}
    dependencies:
      entities: 4.5.0
      webidl-conversions: 7.0.0
      whatwg-mimetype: 3.0.0
    dev: false

  /typescript@5.4.5:
    resolution: {integrity: sha512-vcI4UpRgg81oIRUFwR0WSIHKt11nJ7SAVlYNIu+QpqeyXP+gpQJy/Z4+F0aGxSE4MqwjyXvW/TzgkLAx2AGHwQ==}
    engines: {node: '>=14.17'}
    hasBin: true
    dev: false

  /webidl-conversions@7.0.0:
    resolution: {integrity: sha512-VwddBukDzu71offAQR975unBIGqfKZpM+8ZX6ySk8nYhVoo5CYaZyzt3YBvYtRtO+aoGlqxPg/B87NGVZ/fu6g==}
    engines: {node: '>=12'}
    dev: false

  /whatwg-mimetype@3.0.0:
    resolution: {integrity: sha512-nt+N2dzIutVRxARx1nghPKGv1xHikU7HKdfafKkLNLindmPU/ch3U31NOCGGA/dmPcmb1VlofO0vnKAcsm0o/Q==}
    engines: {node: '>=12'}
    dev: false
